<?xml version="1.0" encoding="UTF-8"?>
<Scheme
   LastUpgradeVersion = "1430"
   version = "1.7">
   <BuildAction
      parallelizeBuildables = "YES"
      buildImplicitDependencies = "YES"
      runPostActionsOnFailure = "NO">
      <BuildActionEntries>
         <BuildActionEntry
            buildForTesting = "YES"
            buildForRunning = "YES"
            buildForProfiling = "YES"
            buildForArchiving = "YES"
            buildForAnalyzing = "YES">
            <BuildableReference
               BuildableIdentifier = "primary"
               BlueprintIdentifier = "730F919B7EA3134854691F27"
               BuildableName = "KARINEX.app"
               BlueprintName = "KARINEX"
               ReferencedContainer = "container:KARINEX.xcodeproj">
            </BuildableReference>
         </BuildActionEntry>
         <BuildActionEntry
            buildForTesting = "YES"
            buildForRunning = "NO"
            buildForProfiling = "NO"
            buildForArchiving = "NO"
            buildForAnalyzing = "NO">
            <BuildableReference
               BuildableIdentifier = "primary"
               BlueprintIdentifier = "3464FA9A9F35427062F395F5"
               BuildableName = "KARINEXTests.xctest"
               BlueprintName = "KARINEXTests"
               ReferencedContainer = "container:KARINEX.xcodeproj">
            </BuildableReference>
         </BuildActionEntry>
         <BuildActionEntry
            buildForTesting = "YES"
            buildForRunning = "NO"
            buildForProfiling = "NO"
            buildForArchiving = "NO"
            buildForAnalyzing = "NO">
            <BuildableReference
               BuildableIdentifier = "primary"
               BlueprintIdentifier = "AA09AD32AE6EC89D407941EC"
               BuildableName = "KARINEXUITests.xctest"
               BlueprintName = "KARINEXUITests"
               ReferencedContainer = "container:KARINEX.xcodeproj">
            </BuildableReference>
         </BuildActionEntry>
      </BuildActionEntries>
   </BuildAction>
   <TestAction
      buildConfiguration = "Debug"
      selectedDebuggerIdentifier = "Xcode.DebuggerFoundation.Debugger.LLDB"
      selectedLauncherIdentifier = "Xcode.DebuggerFoundation.Launcher.LLDB"
      shouldUseLaunchSchemeArgsEnv = "YES"
      codeCoverageEnabled = "YES"
      onlyGenerateCoverageForSpecifiedTargets = "YES">
      <MacroExpansion>
         <BuildableReference
            BuildableIdentifier = "primary"
            BlueprintIdentifier = "730F919B7EA3134854691F27"
            BuildableName = "KARINEX.app"
            BlueprintName = "KARINEX"
            ReferencedContainer = "container:KARINEX.xcodeproj">
         </BuildableReference>
      </MacroExpansion>
      <Testables>
         <TestableReference
            skipped = "NO"
            parallelizable = "NO">
            <BuildableReference
               BuildableIdentifier = "primary"
               BlueprintIdentifier = "3464FA9A9F35427062F395F5"
               BuildableName = "KARINEXTests.xctest"
               BlueprintName = "KARINEXTests"
               ReferencedContainer = "container:KARINEX.xcodeproj">
            </BuildableReference>
         </TestableReference>
         <TestableReference
            skipped = "NO"
            parallelizable = "NO">
            <BuildableReference
               BuildableIdentifier = "primary"
               BlueprintIdentifier = "CoreTests"
               BuildableName = "CoreTests"
               BlueprintName = "CoreTests"
               ReferencedContainer = "container:Packages/Core">
            </BuildableReference>
         </TestableReference>
         <TestableReference
            skipped = "NO"
            parallelizable = "NO">
            <BuildableReference
               BuildableIdentifier = "primary"
               BlueprintIdentifier = "ShopifyKitTests"
               BuildableName = "ShopifyKitTests"
               BlueprintName = "ShopifyKitTests"
               ReferencedContainer = "container:Packages/ShopifyKit">
            </BuildableReference>
         </TestableReference>
         <TestableReference
            skipped = "NO"
            parallelizable = "NO">
            <BuildableReference
               BuildableIdentifier = "primary"
               BlueprintIdentifier = "DesignTokensTests"
               BuildableName = "DesignTokensTests"
               BlueprintName = "DesignTokensTests"
               ReferencedContainer = "container:Packages/DesignSystem">
            </BuildableReference>
         </TestableReference>
         <TestableReference
            skipped = "NO"
            parallelizable = "NO">
            <BuildableReference
               BuildableIdentifier = "primary"
               BlueprintIdentifier = "DesignSystemTests"
               BuildableName = "DesignSystemTests"
               BlueprintName = "DesignSystemTests"
               ReferencedContainer = "container:Packages/DesignSystem">
            </BuildableReference>
         </TestableReference>
         <TestableReference
            skipped = "NO"
            parallelizable = "NO">
            <BuildableReference
               BuildableIdentifier = "primary"
               BlueprintIdentifier = "FeaturesTests"
               BuildableName = "FeaturesTests"
               BlueprintName = "FeaturesTests"
               ReferencedContainer = "container:Packages/Features">
            </BuildableReference>
         </TestableReference>
         <TestableReference
            skipped = "NO"
            parallelizable = "NO">
            <BuildableReference
               BuildableIdentifier = "primary"
               BlueprintIdentifier = "AA09AD32AE6EC89D407941EC"
               BuildableName = "KARINEXUITests.xctest"
               BlueprintName = "KARINEXUITests"
               ReferencedContainer = "container:KARINEX.xcodeproj">
            </BuildableReference>
         </TestableReference>
      </Testables>
      <CommandLineArguments>
      </CommandLineArguments>
      <CodeCoverageTargets>
         <BuildableReference
            BuildableIdentifier = "primary"
            BlueprintIdentifier = "730F919B7EA3134854691F27"
            BuildableName = "KARINEX.app"
            BlueprintName = "KARINEX"
            ReferencedContainer = "container:KARINEX.xcodeproj">
         </BuildableReference>
         <BuildableReference
            BuildableIdentifier = "primary"
            BlueprintIdentifier = "Core"
            BuildableName = "Core"
            BlueprintName = "Core"
            ReferencedContainer = "container:Packages/Core">
         </BuildableReference>
         <BuildableReference
            BuildableIdentifier = "primary"
            BlueprintIdentifier = "ShopifyKit"
            BuildableName = "ShopifyKit"
            BlueprintName = "ShopifyKit"
            ReferencedContainer = "container:Packages/ShopifyKit">
         </BuildableReference>
         <BuildableReference
            BuildableIdentifier = "primary"
            BlueprintIdentifier = "DesignTokens"
            BuildableName = "DesignTokens"
            BlueprintName = "DesignTokens"
            ReferencedContainer = "container:Packages/DesignSystem">
         </BuildableReference>
         <BuildableReference
            BuildableIdentifier = "primary"
            BlueprintIdentifier = "DesignSystem"
            BuildableName = "DesignSystem"
            BlueprintName = "DesignSystem"
            ReferencedContainer = "container:Packages/DesignSystem">
         </BuildableReference>
      </CodeCoverageTargets>
   </TestAction>
   <LaunchAction
      buildConfiguration = "Debug"
      selectedDebuggerIdentifier = "Xcode.DebuggerFoundation.Debugger.LLDB"
      selectedLauncherIdentifier = "Xcode.DebuggerFoundation.Launcher.LLDB"
      launchStyle = "0"
      useCustomWorkingDirectory = "NO"
      ignoresPersistentStateOnLaunch = "NO"
      debugDocumentVersioning = "YES"
      debugServiceExtension = "internal"
      allowLocationSimulation = "YES">
      <BuildableProductRunnable
         runnableDebuggingMode = "0">
         <BuildableReference
            BuildableIdentifier = "primary"
            BlueprintIdentifier = "730F919B7EA3134854691F27"
            BuildableName = "KARINEX.app"
            BlueprintName = "KARINEX"
            ReferencedContainer = "container:KARINEX.xcodeproj">
         </BuildableReference>
      </BuildableProductRunnable>
      <CommandLineArguments>
      </CommandLineArguments>
   </LaunchAction>
   <ProfileAction
      buildConfiguration = "Release"
      shouldUseLaunchSchemeArgsEnv = "YES"
      savedToolIdentifier = ""
      useCustomWorkingDirectory = "NO"
      debugDocumentVersioning = "YES">
      <BuildableProductRunnable
         runnableDebuggingMode = "0">
         <BuildableReference
            BuildableIdentifier = "primary"
            BlueprintIdentifier = "730F919B7EA3134854691F27"
            BuildableName = "KARINEX.app"
            BlueprintName = "KARINEX"
            ReferencedContainer = "container:KARINEX.xcodeproj">
         </BuildableReference>
      </BuildableProductRunnable>
      <CommandLineArguments>
      </CommandLineArguments>
   </ProfileAction>
   <AnalyzeAction
      buildConfiguration = "Debug">
   </AnalyzeAction>
   <ArchiveAction
      buildConfiguration = "Release"
      revealArchiveInOrganizer = "YES">
   </ArchiveAction>
</Scheme>
